
Microsoft Visual Studio Solution File, Format Version 12.00
# Visual Studio Version 17
VisualStudioVersion = 17.11.35327.3
MinimumVisualStudioVersion = 10.0.40219.1
Project("{9A19103F-16F7-4668-BE54-9A1E7A4F7556}") = "ModelsPOO", "trab_poo\ModelsPOO.csproj", "{83C51E31-5FB5-4324-A0D6-B3D1DA5F1584}"
EndProject
Project("{2150E333-8FDC-42A3-9474-1A3956D46DE8}") = "documents", "documents", "{2AEC2D4D-CD07-4DE7-A36B-54E21E67A153}"
EndProject
Global
	GlobalSection(SolutionConfigurationPlatforms) = preSolution
		Debug|Any CPU = Debug|Any CPU
		Release|Any CPU = Release|Any CPU
	EndGlobalSection
	GlobalSection(ProjectConfigurationPlatforms) = postSolution
		{83C51E31-5FB5-4324-A0D6-B3D1DA5F1584}.Debug|Any CPU.ActiveCfg = Debug|Any CPU
		{83C51E31-5FB5-4324-A0D6-B3D1DA5F1584}.Debug|Any CPU.Build.0 = Debug|Any CPU
		{83C51E31-5FB5-4324-A0D6-B3D1DA5F1584}.Release|Any CPU.ActiveCfg = Release|Any CPU
		{83C51E31-5FB5-4324-A0D6-B3D1DA5F1584}.Release|Any CPU.Build.0 = Release|Any CPU
	EndGlobalSection
	GlobalSection(SolutionProperties) = preSolution
		HideSolutionNode = FALSE
	EndGlobalSection
	GlobalSection(ExtensibilityGlobals) = postSolution
		SolutionGuid = {4A7889C0-F553-4B18-8D1B-D6706401F18D}
	EndGlobalSection
EndGlobal
